
Microsoft Visual Studio Solution File, Format Version 12.00
# Visual Studio 15
VisualStudioVersion = 15.0.28307.271
MinimumVisualStudioVersion = 10.0.40219.1
Project("{FAE04EC0-301F-11D3-BF4B-00C04F79EFBC}") = "CustomerInquiryWebApp", "CustomerInquiryWebApp\CustomerInquiryWebApp.csproj", "{3C791DAE-173E-4738-BD3C-9A0D3821036B}"
EndProject
Global
	GlobalSection(SolutionConfigurationPlatforms) = preSolution
		Debug|Any CPU = Debug|Any CPU
		Release|Any CPU = Release|Any CPU
	EndGlobalSection
	GlobalSection(ProjectConfigurationPlatforms) = postSolution
		{3C791DAE-173E-4738-BD3C-9A0D3821036B}.Debug|Any CPU.ActiveCfg = Debug|Any CPU
		{3C791DAE-173E-4738-BD3C-9A0D3821036B}.Debug|Any CPU.Build.0 = Debug|Any CPU
		{3C791DAE-173E-4738-BD3C-9A0D3821036B}.Release|Any CPU.ActiveCfg = Release|Any CPU
		{3C791DAE-173E-4738-BD3C-9A0D3821036B}.Release|Any CPU.Build.0 = Release|Any CPU
	EndGlobalSection
	GlobalSection(SolutionProperties) = preSolution
		HideSolutionNode = FALSE
	EndGlobalSection
	GlobalSection(ExtensibilityGlobals) = postSolution
		SolutionGuid = {A47E2DA8-E9D4-4A95-8EC4-489EAE317971}
	EndGlobalSection
EndGlobal
